
Microsoft Visual Studio Solution File, Format Version 12.00
# Visual Studio Version 16
VisualStudioVersion = 16.0.30001.183
MinimumVisualStudioVersion = 10.0.40219.1
Project("{888888A0-9F3D-457C-B088-3A5042F75D52}") = "BlogApiPy", "BlogApiPy\BlogApiPy.pyproj", "{096FE1CD-7A59-4795-BCDA-ADED472C4C4B}"
EndProject
Global
	GlobalSection(SolutionConfigurationPlatforms) = preSolution
		Debug|Any CPU = Debug|Any CPU
		Release|Any CPU = Release|Any CPU
	EndGlobalSection
	GlobalSection(ProjectConfigurationPlatforms) = postSolution
		{096FE1CD-7A59-4795-BCDA-ADED472C4C4B}.Debug|Any CPU.ActiveCfg = Debug|Any CPU
		{096FE1CD-7A59-4795-BCDA-ADED472C4C4B}.Debug|Any CPU.Build.0 = Debug|Any CPU
		{096FE1CD-7A59-4795-BCDA-ADED472C4C4B}.Release|Any CPU.ActiveCfg = Release|Any CPU
		{096FE1CD-7A59-4795-BCDA-ADED472C4C4B}.Release|Any CPU.Build.0 = Release|Any CPU
	EndGlobalSection
	GlobalSection(SolutionProperties) = preSolution
		HideSolutionNode = FALSE
	EndGlobalSection
	GlobalSection(ExtensibilityGlobals) = postSolution
		SolutionGuid = {2BC30736-DFE2-4556-ACDE-6C4ACB330F5D}
	EndGlobalSection
EndGlobal
